
Microsoft Visual Studio Solution File, Format Version 12.00
# Visual Studio Version 17
VisualStudioVersion = 17.0.31903.59
MinimumVisualStudioVersion = 10.0.40219.1
Project("{2150E333-8FDC-42A3-9474-1A3956D46DE8}") = "src", "src", "{827E0CD3-B72D-47B6-A68D-7590B98EB39B}"
EndProject
Project("{FAE04EC0-301F-11D3-BF4B-00C04F79EFBC}") = "MinimalCleanArch", "src\MinimalCleanArch\MinimalCleanArch.csproj", "{5FC2BA95-22D2-4F83-BE2A-A859F1468876}"
EndProject
Project("{FAE04EC0-301F-11D3-BF4B-00C04F79EFBC}") = "MinimalCleanArch.Extensions", "src\MinimalCleanArch.Extensions\MinimalCleanArch.Extensions.csproj", "{9CC7CB71-C760-4432-9EFB-7F22F36AB3E1}"
EndProject
Project("{FAE04EC0-301F-11D3-BF4B-00C04F79EFBC}") = "MinimalCleanArch.Validation", "src\MinimalCleanArch.Validation\MinimalCleanArch.Validation.csproj", "{31591A76-806C-4145-8F7D-7B68A8AB0B08}"
EndProject
Project("{FAE04EC0-301F-11D3-BF4B-00C04F79EFBC}") = "MinimalCleanArch.Security", "src\MinimalCleanArch.Security\MinimalCleanArch.Security.csproj", "{1D68B47C-50CA-4FF1-8A7F-35CB0129CF91}"
EndProject
Project("{2150E333-8FDC-42A3-9474-1A3956D46DE8}") = "samples", "samples", "{5D20AA90-6969-D8BD-9DCD-8634F4692FDA}"
EndProject
Project("{FAE04EC0-301F-11D3-BF4B-00C04F79EFBC}") = "MinimalCleanArch.Sample", "samples\MinimalCleanArch.Sample\MinimalCleanArch.Sample.csproj", "{CA08A920-A699-40C2-B8DA-ABA420A98872}"
EndProject
Project("{2150E333-8FDC-42A3-9474-1A3956D46DE8}") = "tests", "tests", "{0AB3BF05-4346-4AA6-1389-037BE0695223}"
EndProject
Project("{FAE04EC0-301F-11D3-BF4B-00C04F79EFBC}") = "MinimalCleanArch.UnitTests", "tests\MinimalCleanArch.UnitTests\MinimalCleanArch.UnitTests.csproj", "{B3F3A025-3DDD-4DE0-94C7-19628F0C9AC5}"
EndProject
Project("{FAE04EC0-301F-11D3-BF4B-00C04F79EFBC}") = "MinimalCleanArch.IntegrationTests", "tests\MinimalCleanArch.IntegrationTests\MinimalCleanArch.IntegrationTests.csproj", "{EBE5ED9F-5B57-438E-8A2A-2AC34CD91772}"
EndProject
Project("{FAE04EC0-301F-11D3-BF4B-00C04F79EFBC}") = "MinimalCleanArch.Benchmarks", "tests\MinimalCleanArch.Benchmarks\MinimalCleanArch.Benchmarks.csproj", "{B4A6067E-F85C-4639-9DF4-05FCFF0BF806}"
EndProject
Project("{2150E333-8FDC-42A3-9474-1A3956D46DE8}") = "docs", "docs", "{208BA388-4CEE-2CBF-559C-5607C099C1F8}"
EndProject
Project("{FAE04EC0-301F-11D3-BF4B-00C04F79EFBC}") = "MinimalCleanArch.Docs", "docs\MinimalCleanArch.Docs\MinimalCleanArch.Docs.csproj", "{5A3E3A02-4142-4596-9AF5-93DA61AD6B0E}"
EndProject
Project("{FAE04EC0-301F-11D3-BF4B-00C04F79EFBC}") = "MinimalCleanArch.DataAccess", "src\MinimalCleanArch.DataAccess\MinimalCleanArch.DataAccess.csproj", "{F7F904F5-8C54-4C67-6C2E-710D371652AA}"
EndProject
Project("{FAE04EC0-301F-11D3-BF4B-00C04F79EFBC}") = "MinimalCleanArch.Audit", "src\MinimalCleanArch.Audit\MinimalCleanArch.Audit.csproj", "{49E53DCB-2CB2-4602-8DFC-0B343D3AFC04}"
EndProject
Global
	GlobalSection(SolutionConfigurationPlatforms) = preSolution
		Debug|Any CPU = Debug|Any CPU
		Debug|x64 = Debug|x64
		Debug|x86 = Debug|x86
		Release|Any CPU = Release|Any CPU
		Release|x64 = Release|x64
		Release|x86 = Release|x86
	EndGlobalSection
	GlobalSection(ProjectConfigurationPlatforms) = postSolution
		{5FC2BA95-22D2-4F83-BE2A-A859F1468876}.Debug|Any CPU.ActiveCfg = Debug|Any CPU
		{5FC2BA95-22D2-4F83-BE2A-A859F1468876}.Debug|Any CPU.Build.0 = Debug|Any CPU
		{5FC2BA95-22D2-4F83-BE2A-A859F1468876}.Debug|x64.ActiveCfg = Debug|Any CPU
		{5FC2BA95-22D2-4F83-BE2A-A859F1468876}.Debug|x64.Build.0 = Debug|Any CPU
		{5FC2BA95-22D2-4F83-BE2A-A859F1468876}.Debug|x86.ActiveCfg = Debug|Any CPU
		{5FC2BA95-22D2-4F83-BE2A-A859F1468876}.Debug|x86.Build.0 = Debug|Any CPU
		{5FC2BA95-22D2-4F83-BE2A-A859F1468876}.Release|Any CPU.ActiveCfg = Release|Any CPU
		{5FC2BA95-22D2-4F83-BE2A-A859F1468876}.Release|Any CPU.Build.0 = Release|Any CPU
		{5FC2BA95-22D2-4F83-BE2A-A859F1468876}.Release|x64.ActiveCfg = Release|Any CPU
		{5FC2BA95-22D2-4F83-BE2A-A859F1468876}.Release|x64.Build.0 = Release|Any CPU
		{5FC2BA95-22D2-4F83-BE2A-A859F1468876}.Release|x86.ActiveCfg = Release|Any CPU
		{5FC2BA95-22D2-4F83-BE2A-A859F1468876}.Release|x86.Build.0 = Release|Any CPU
		{9CC7CB71-C760-4432-9EFB-7F22F36AB3E1}.Debug|Any CPU.ActiveCfg = Debug|Any CPU
		{9CC7CB71-C760-4432-9EFB-7F22F36AB3E1}.Debug|Any CPU.Build.0 = Debug|Any CPU
		{9CC7CB71-C760-4432-9EFB-7F22F36AB3E1}.Debug|x64.ActiveCfg = Debug|Any CPU
		{9CC7CB71-C760-4432-9EFB-7F22F36AB3E1}.Debug|x64.Build.0 = Debug|Any CPU
		{9CC7CB71-C760-4432-9EFB-7F22F36AB3E1}.Debug|x86.ActiveCfg = Debug|Any CPU
		{9CC7CB71-C760-4432-9EFB-7F22F36AB3E1}.Debug|x86.Build.0 = Debug|Any CPU
		{9CC7CB71-C760-4432-9EFB-7F22F36AB3E1}.Release|Any CPU.ActiveCfg = Release|Any CPU
		{9CC7CB71-C760-4432-9EFB-7F22F36AB3E1}.Release|Any CPU.Build.0 = Release|Any CPU
		{9CC7CB71-C760-4432-9EFB-7F22F36AB3E1}.Release|x64.ActiveCfg = Release|Any CPU
		{9CC7CB71-C760-4432-9EFB-7F22F36AB3E1}.Release|x64.Build.0 = Release|Any CPU
		{9CC7CB71-C760-4432-9EFB-7F22F36AB3E1}.Release|x86.ActiveCfg = Release|Any CPU
		{9CC7CB71-C760-4432-9EFB-7F22F36AB3E1}.Release|x86.Build.0 = Release|Any CPU
		{31591A76-806C-4145-8F7D-7B68A8AB0B08}.Debug|Any CPU.ActiveCfg = Debug|Any CPU
		{31591A76-806C-4145-8F7D-7B68A8AB0B08}.Debug|Any CPU.Build.0 = Debug|Any CPU
		{31591A76-806C-4145-8F7D-7B68A8AB0B08}.Debug|x64.ActiveCfg = Debug|Any CPU
		{31591A76-806C-4145-8F7D-7B68A8AB0B08}.Debug|x64.Build.0 = Debug|Any CPU
		{31591A76-806C-4145-8F7D-7B68A8AB0B08}.Debug|x86.ActiveCfg = Debug|Any CPU
		{31591A76-806C-4145-8F7D-7B68A8AB0B08}.Debug|x86.Build.0 = Debug|Any CPU
		{31591A76-806C-4145-8F7D-7B68A8AB0B08}.Release|Any CPU.ActiveCfg = Release|Any CPU
		{31591A76-806C-4145-8F7D-7B68A8AB0B08}.Release|Any CPU.Build.0 = Release|Any CPU
		{31591A76-806C-4145-8F7D-7B68A8AB0B08}.Release|x64.ActiveCfg = Release|Any CPU
		{31591A76-806C-4145-8F7D-7B68A8AB0B08}.Release|x64.Build.0 = Release|Any CPU
		{31591A76-806C-4145-8F7D-7B68A8AB0B08}.Release|x86.ActiveCfg = Release|Any CPU
		{31591A76-806C-4145-8F7D-7B68A8AB0B08}.Release|x86.Build.0 = Release|Any CPU
		{1D68B47C-50CA-4FF1-8A7F-35CB0129CF91}.Debug|Any CPU.ActiveCfg = Debug|Any CPU
		{1D68B47C-50CA-4FF1-8A7F-35CB0129CF91}.Debug|Any CPU.Build.0 = Debug|Any CPU
		{1D68B47C-50CA-4FF1-8A7F-35CB0129CF91}.Debug|x64.ActiveCfg = Debug|Any CPU
		{1D68B47C-50CA-4FF1-8A7F-35CB0129CF91}.Debug|x64.Build.0 = Debug|Any CPU
		{1D68B47C-50CA-4FF1-8A7F-35CB0129CF91}.Debug|x86.ActiveCfg = Debug|Any CPU
		{1D68B47C-50CA-4FF1-8A7F-35CB0129CF91}.Debug|x86.Build.0 = Debug|Any CPU
		{1D68B47C-50CA-4FF1-8A7F-35CB0129CF91}.Release|Any CPU.ActiveCfg = Release|Any CPU
		{1D68B47C-50CA-4FF1-8A7F-35CB0129CF91}.Release|Any CPU.Build.0 = Release|Any CPU
		{1D68B47C-50CA-4FF1-8A7F-35CB0129CF91}.Release|x64.ActiveCfg = Release|Any CPU
		{1D68B47C-50CA-4FF1-8A7F-35CB0129CF91}.Release|x64.Build.0 = Release|Any CPU
		{1D68B47C-50CA-4FF1-8A7F-35CB0129CF91}.Release|x86.ActiveCfg = Release|Any CPU
		{1D68B47C-50CA-4FF1-8A7F-35CB0129CF91}.Release|x86.Build.0 = Release|Any CPU
		{CA08A920-A699-40C2-B8DA-ABA420A98872}.Debug|Any CPU.ActiveCfg = Debug|Any CPU
		{CA08A920-A699-40C2-B8DA-ABA420A98872}.Debug|Any CPU.Build.0 = Debug|Any CPU
		{CA08A920-A699-40C2-B8DA-ABA420A98872}.Debug|x64.ActiveCfg = Debug|Any CPU
		{CA08A920-A699-40C2-B8DA-ABA420A98872}.Debug|x64.Build.0 = Debug|Any CPU
		{CA08A920-A699-40C2-B8DA-ABA420A98872}.Debug|x86.ActiveCfg = Debug|Any CPU
		{CA08A920-A699-40C2-B8DA-ABA420A98872}.Debug|x86.Build.0 = Debug|Any CPU
		{CA08A920-A699-40C2-B8DA-ABA420A98872}.Release|Any CPU.ActiveCfg = Release|Any CPU
		{CA08A920-A699-40C2-B8DA-ABA420A98872}.Release|Any CPU.Build.0 = Release|Any CPU
		{CA08A920-A699-40C2-B8DA-ABA420A98872}.Release|x64.ActiveCfg = Release|Any CPU
		{CA08A920-A699-40C2-B8DA-ABA420A98872}.Release|x64.Build.0 = Release|Any CPU
		{CA08A920-A699-40C2-B8DA-ABA420A98872}.Release|x86.ActiveCfg = Release|Any CPU
		{CA08A920-A699-40C2-B8DA-ABA420A98872}.Release|x86.Build.0 = Release|Any CPU
		{B3F3A025-3DDD-4DE0-94C7-19628F0C9AC5}.Debug|Any CPU.ActiveCfg = Debug|Any CPU
		{B3F3A025-3DDD-4DE0-94C7-19628F0C9AC5}.Debug|Any CPU.Build.0 = Debug|Any CPU
		{B3F3A025-3DDD-4DE0-94C7-19628F0C9AC5}.Debug|x64.ActiveCfg = Debug|Any CPU
		{B3F3A025-3DDD-4DE0-94C7-19628F0C9AC5}.Debug|x64.Build.0 = Debug|Any CPU
		{B3F3A025-3DDD-4DE0-94C7-19628F0C9AC5}.Debug|x86.ActiveCfg = Debug|Any CPU
		{B3F3A025-3DDD-4DE0-94C7-19628F0C9AC5}.Debug|x86.Build.0 = Debug|Any CPU
		{B3F3A025-3DDD-4DE0-94C7-19628F0C9AC5}.Release|Any CPU.ActiveCfg = Release|Any CPU
		{B3F3A025-3DDD-4DE0-94C7-19628F0C9AC5}.Release|Any CPU.Build.0 = Release|Any CPU
		{B3F3A025-3DDD-4DE0-94C7-19628F0C9AC5}.Release|x64.ActiveCfg = Release|Any CPU
		{B3F3A025-3DDD-4DE0-94C7-19628F0C9AC5}.Release|x64.Build.0 = Release|Any CPU
		{B3F3A025-3DDD-4DE0-94C7-19628F0C9AC5}.Release|x86.ActiveCfg = Release|Any CPU
		{B3F3A025-3DDD-4DE0-94C7-19628F0C9AC5}.Release|x86.Build.0 = Release|Any CPU
		{EBE5ED9F-5B57-438E-8A2A-2AC34CD91772}.Debug|Any CPU.ActiveCfg = Debug|Any CPU
		{EBE5ED9F-5B57-438E-8A2A-2AC34CD91772}.Debug|Any CPU.Build.0 = Debug|Any CPU
		{EBE5ED9F-5B57-438E-8A2A-2AC34CD91772}.Debug|x64.ActiveCfg = Debug|Any CPU
		{EBE5ED9F-5B57-438E-8A2A-2AC34CD91772}.Debug|x64.Build.0 = Debug|Any CPU
		{EBE5ED9F-5B57-438E-8A2A-2AC34CD91772}.Debug|x86.ActiveCfg = Debug|Any CPU
		{EBE5ED9F-5B57-438E-8A2A-2AC34CD91772}.Debug|x86.Build.0 = Debug|Any CPU
		{EBE5ED9F-5B57-438E-8A2A-2AC34CD91772}.Release|Any CPU.ActiveCfg = Release|Any CPU
		{EBE5ED9F-5B57-438E-8A2A-2AC34CD91772}.Release|Any CPU.Build.0 = Release|Any CPU
		{EBE5ED9F-5B57-438E-8A2A-2AC34CD91772}.Release|x64.ActiveCfg = Release|Any CPU
		{EBE5ED9F-5B57-438E-8A2A-2AC34CD91772}.Release|x64.Build.0 = Release|Any CPU
		{EBE5ED9F-5B57-438E-8A2A-2AC34CD91772}.Release|x86.ActiveCfg = Release|Any CPU
		{EBE5ED9F-5B57-438E-8A2A-2AC34CD91772}.Release|x86.Build.0 = Release|Any CPU
		{B4A6067E-F85C-4639-9DF4-05FCFF0BF806}.Debug|Any CPU.ActiveCfg = Debug|Any CPU
		{B4A6067E-F85C-4639-9DF4-05FCFF0BF806}.Debug|Any CPU.Build.0 = Debug|Any CPU
		{B4A6067E-F85C-4639-9DF4-05FCFF0BF806}.Debug|x64.ActiveCfg = Debug|Any CPU
		{B4A6067E-F85C-4639-9DF4-05FCFF0BF806}.Debug|x64.Build.0 = Debug|Any CPU
		{B4A6067E-F85C-4639-9DF4-05FCFF0BF806}.Debug|x86.ActiveCfg = Debug|Any CPU
		{B4A6067E-F85C-4639-9DF4-05FCFF0BF806}.Debug|x86.Build.0 = Debug|Any CPU
		{B4A6067E-F85C-4639-9DF4-05FCFF0BF806}.Release|Any CPU.ActiveCfg = Release|Any CPU
		{B4A6067E-F85C-4639-9DF4-05FCFF0BF806}.Release|Any CPU.Build.0 = Release|Any CPU
		{B4A6067E-F85C-4639-9DF4-05FCFF0BF806}.Release|x64.ActiveCfg = Release|Any CPU
		{B4A6067E-F85C-4639-9DF4-05FCFF0BF806}.Release|x64.Build.0 = Release|Any CPU
		{B4A6067E-F85C-4639-9DF4-05FCFF0BF806}.Release|x86.ActiveCfg = Release|Any CPU
		{B4A6067E-F85C-4639-9DF4-05FCFF0BF806}.Release|x86.Build.0 = Release|Any CPU
		{5A3E3A02-4142-4596-9AF5-93DA61AD6B0E}.Debug|Any CPU.ActiveCfg = Debug|Any CPU
		{5A3E3A02-4142-4596-9AF5-93DA61AD6B0E}.Debug|Any CPU.Build.0 = Debug|Any CPU
		{5A3E3A02-4142-4596-9AF5-93DA61AD6B0E}.Debug|x64.ActiveCfg = Debug|Any CPU
		{5A3E3A02-4142-4596-9AF5-93DA61AD6B0E}.Debug|x64.Build.0 = Debug|Any CPU
		{5A3E3A02-4142-4596-9AF5-93DA61AD6B0E}.Debug|x86.ActiveCfg = Debug|Any CPU
		{5A3E3A02-4142-4596-9AF5-93DA61AD6B0E}.Debug|x86.Build.0 = Debug|Any CPU
		{5A3E3A02-4142-4596-9AF5-93DA61AD6B0E}.Release|Any CPU.ActiveCfg = Release|Any CPU
		{5A3E3A02-4142-4596-9AF5-93DA61AD6B0E}.Release|Any CPU.Build.0 = Release|Any CPU
		{5A3E3A02-4142-4596-9AF5-93DA61AD6B0E}.Release|x64.ActiveCfg = Release|Any CPU
		{5A3E3A02-4142-4596-9AF5-93DA61AD6B0E}.Release|x64.Build.0 = Release|Any CPU
		{5A3E3A02-4142-4596-9AF5-93DA61AD6B0E}.Release|x86.ActiveCfg = Release|Any CPU
		{5A3E3A02-4142-4596-9AF5-93DA61AD6B0E}.Release|x86.Build.0 = Release|Any CPU
		{F7F904F5-8C54-4C67-6C2E-710D371652AA}.Debug|Any CPU.ActiveCfg = Debug|Any CPU
		{F7F904F5-8C54-4C67-6C2E-710D371652AA}.Debug|Any CPU.Build.0 = Debug|Any CPU
		{F7F904F5-8C54-4C67-6C2E-710D371652AA}.Debug|x64.ActiveCfg = Debug|Any CPU
		{F7F904F5-8C54-4C67-6C2E-710D371652AA}.Debug|x64.Build.0 = Debug|Any CPU
		{F7F904F5-8C54-4C67-6C2E-710D371652AA}.Debug|x86.ActiveCfg = Debug|Any CPU
		{F7F904F5-8C54-4C67-6C2E-710D371652AA}.Debug|x86.Build.0 = Debug|Any CPU
		{F7F904F5-8C54-4C67-6C2E-710D371652AA}.Release|Any CPU.ActiveCfg = Release|Any CPU
		{F7F904F5-8C54-4C67-6C2E-710D371652AA}.Release|Any CPU.Build.0 = Release|Any CPU
		{F7F904F5-8C54-4C67-6C2E-710D371652AA}.Release|x64.ActiveCfg = Release|Any CPU
		{F7F904F5-8C54-4C67-6C2E-710D371652AA}.Release|x64.Build.0 = Release|Any CPU
		{F7F904F5-8C54-4C67-6C2E-710D371652AA}.Release|x86.ActiveCfg = Release|Any CPU
		{F7F904F5-8C54-4C67-6C2E-710D371652AA}.Release|x86.Build.0 = Release|Any CPU
		{49E53DCB-2CB2-4602-8DFC-0B343D3AFC04}.Debug|Any CPU.ActiveCfg = Debug|Any CPU
		{49E53DCB-2CB2-4602-8DFC-0B343D3AFC04}.Debug|Any CPU.Build.0 = Debug|Any CPU
		{49E53DCB-2CB2-4602-8DFC-0B343D3AFC04}.Debug|x64.ActiveCfg = Debug|Any CPU
		{49E53DCB-2CB2-4602-8DFC-0B343D3AFC04}.Debug|x64.Build.0 = Debug|Any CPU
		{49E53DCB-2CB2-4602-8DFC-0B343D3AFC04}.Debug|x86.ActiveCfg = Debug|Any CPU
		{49E53DCB-2CB2-4602-8DFC-0B343D3AFC04}.Debug|x86.Build.0 = Debug|Any CPU
		{49E53DCB-2CB2-4602-8DFC-0B343D3AFC04}.Release|Any CPU.ActiveCfg = Release|Any CPU
		{49E53DCB-2CB2-4602-8DFC-0B343D3AFC04}.Release|Any CPU.Build.0 = Release|Any CPU
		{49E53DCB-2CB2-4602-8DFC-0B343D3AFC04}.Release|x64.ActiveCfg = Release|Any CPU
		{49E53DCB-2CB2-4602-8DFC-0B343D3AFC04}.Release|x64.Build.0 = Release|Any CPU
		{49E53DCB-2CB2-4602-8DFC-0B343D3AFC04}.Release|x86.ActiveCfg = Release|Any CPU
		{49E53DCB-2CB2-4602-8DFC-0B343D3AFC04}.Release|x86.Build.0 = Release|Any CPU
	EndGlobalSection
	GlobalSection(SolutionProperties) = preSolution
		HideSolutionNode = FALSE
	EndGlobalSection
	GlobalSection(NestedProjects) = preSolution
		{5FC2BA95-22D2-4F83-BE2A-A859F1468876} = {827E0CD3-B72D-47B6-A68D-7590B98EB39B}
		{9CC7CB71-C760-4432-9EFB-7F22F36AB3E1} = {827E0CD3-B72D-47B6-A68D-7590B98EB39B}
		{31591A76-806C-4145-8F7D-7B68A8AB0B08} = {827E0CD3-B72D-47B6-A68D-7590B98EB39B}
		{1D68B47C-50CA-4FF1-8A7F-35CB0129CF91} = {827E0CD3-B72D-47B6-A68D-7590B98EB39B}
		{CA08A920-A699-40C2-B8DA-ABA420A98872} = {5D20AA90-6969-D8BD-9DCD-8634F4692FDA}
		{B3F3A025-3DDD-4DE0-94C7-19628F0C9AC5} = {0AB3BF05-4346-4AA6-1389-037BE0695223}
		{EBE5ED9F-5B57-438E-8A2A-2AC34CD91772} = {0AB3BF05-4346-4AA6-1389-037BE0695223}
		{B4A6067E-F85C-4639-9DF4-05FCFF0BF806} = {0AB3BF05-4346-4AA6-1389-037BE0695223}
		{5A3E3A02-4142-4596-9AF5-93DA61AD6B0E} = {208BA388-4CEE-2CBF-559C-5607C099C1F8}
		{F7F904F5-8C54-4C67-6C2E-710D371652AA} = {827E0CD3-B72D-47B6-A68D-7590B98EB39B}
		{49E53DCB-2CB2-4602-8DFC-0B343D3AFC04} = {827E0CD3-B72D-47B6-A68D-7590B98EB39B}
	EndGlobalSection
	GlobalSection(ExtensibilityGlobals) = postSolution
		SolutionGuid = {391D93D7-9FAA-49AD-8F8B-C49984A338F9}
	EndGlobalSection
EndGlobal
