<Solution>
  <Folder Name="/src/">
    <Project Path="src/MCA.Api/MCA.Api.csproj" />
    <Project Path="src/MCA.Application/MCA.Application.csproj" />
    <Project Path="src/MCA.Domain/MCA.Domain.csproj" />
    <Project Path="src/MCA.Infrastructure/MCA.Infrastructure.csproj" />
    <!--#if (UseAspire)-->
    <Project Path="src/MCA.ServiceDefaults/MCA.ServiceDefaults.csproj" />
    <!--#endif-->
  </Folder>
  <!--#if (UseAspire)-->
  <Folder Name="/aspire/">
    <Project Path="MCA.AppHost/MCA.AppHost.csproj" />
  </Folder>
  <!--#endif-->
  <!--#if (UseTests)-->
  <Folder Name="/tests/">
    <Project Path="tests/MCA.IntegrationTests/MCA.IntegrationTests.csproj" />
    <Project Path="tests/MCA.UnitTests/MCA.UnitTests.csproj" />
  </Folder>
  <!--#endif-->
</Solution>
